
Microsoft Visual Studio Solution File, Format Version 12.00
# Visual Studio 15
VisualStudioVersion = 15.0.26124.0
MinimumVisualStudioVersion = 15.0.26124.0
Project("{FAE04EC0-301F-11D3-BF4B-00C04F79EFBC}") = "Acro.Common", "Acro.Common\Acro.Common.csproj", "{D50FE93C-56AD-4421-9686-84EE7BD00C2B}"
EndProject
Project("{FAE04EC0-301F-11D3-BF4B-00C04F79EFBC}") = "Acro.Data", "Acro.Data\Acro.Data.csproj", "{20BECB79-1181-41EF-8CCB-3B212393EC69}"
EndProject
Project("{FAE04EC0-301F-11D3-BF4B-00C04F79EFBC}") = "Acro.BusinessLogic", "Acro.BusinessLogic\Acro.BusinessLogic.csproj", "{4AA5BE92-8544-49E2-9D32-B503DDC9600F}"
EndProject
Project("{FAE04EC0-301F-11D3-BF4B-00C04F79EFBC}") = "Acro.WebApi", "Acro.WebApi\Acro.WebApi.csproj", "{7454B947-53E4-4495-B676-EF5F159D7E39}"
EndProject
Global
	GlobalSection(SolutionConfigurationPlatforms) = preSolution
		Debug|Any CPU = Debug|Any CPU
		Debug|x64 = Debug|x64
		Debug|x86 = Debug|x86
		Release|Any CPU = Release|Any CPU
		Release|x64 = Release|x64
		Release|x86 = Release|x86
	EndGlobalSection
	GlobalSection(SolutionProperties) = preSolution
		HideSolutionNode = FALSE
	EndGlobalSection
	GlobalSection(ProjectConfigurationPlatforms) = postSolution
		{D50FE93C-56AD-4421-9686-84EE7BD00C2B}.Debug|Any CPU.ActiveCfg = Debug|Any CPU
		{D50FE93C-56AD-4421-9686-84EE7BD00C2B}.Debug|Any CPU.Build.0 = Debug|Any CPU
		{D50FE93C-56AD-4421-9686-84EE7BD00C2B}.Debug|x64.ActiveCfg = Debug|Any CPU
		{D50FE93C-56AD-4421-9686-84EE7BD00C2B}.Debug|x64.Build.0 = Debug|Any CPU
		{D50FE93C-56AD-4421-9686-84EE7BD00C2B}.Debug|x86.ActiveCfg = Debug|Any CPU
		{D50FE93C-56AD-4421-9686-84EE7BD00C2B}.Debug|x86.Build.0 = Debug|Any CPU
		{D50FE93C-56AD-4421-9686-84EE7BD00C2B}.Release|Any CPU.ActiveCfg = Release|Any CPU
		{D50FE93C-56AD-4421-9686-84EE7BD00C2B}.Release|Any CPU.Build.0 = Release|Any CPU
		{D50FE93C-56AD-4421-9686-84EE7BD00C2B}.Release|x64.ActiveCfg = Release|Any CPU
		{D50FE93C-56AD-4421-9686-84EE7BD00C2B}.Release|x64.Build.0 = Release|Any CPU
		{D50FE93C-56AD-4421-9686-84EE7BD00C2B}.Release|x86.ActiveCfg = Release|Any CPU
		{D50FE93C-56AD-4421-9686-84EE7BD00C2B}.Release|x86.Build.0 = Release|Any CPU
		{20BECB79-1181-41EF-8CCB-3B212393EC69}.Debug|Any CPU.ActiveCfg = Debug|Any CPU
		{20BECB79-1181-41EF-8CCB-3B212393EC69}.Debug|Any CPU.Build.0 = Debug|Any CPU
		{20BECB79-1181-41EF-8CCB-3B212393EC69}.Debug|x64.ActiveCfg = Debug|Any CPU
		{20BECB79-1181-41EF-8CCB-3B212393EC69}.Debug|x64.Build.0 = Debug|Any CPU
		{20BECB79-1181-41EF-8CCB-3B212393EC69}.Debug|x86.ActiveCfg = Debug|Any CPU
		{20BECB79-1181-41EF-8CCB-3B212393EC69}.Debug|x86.Build.0 = Debug|Any CPU
		{20BECB79-1181-41EF-8CCB-3B212393EC69}.Release|Any CPU.ActiveCfg = Release|Any CPU
		{20BECB79-1181-41EF-8CCB-3B212393EC69}.Release|Any CPU.Build.0 = Release|Any CPU
		{20BECB79-1181-41EF-8CCB-3B212393EC69}.Release|x64.ActiveCfg = Release|Any CPU
		{20BECB79-1181-41EF-8CCB-3B212393EC69}.Release|x64.Build.0 = Release|Any CPU
		{20BECB79-1181-41EF-8CCB-3B212393EC69}.Release|x86.ActiveCfg = Release|Any CPU
		{20BECB79-1181-41EF-8CCB-3B212393EC69}.Release|x86.Build.0 = Release|Any CPU
		{4AA5BE92-8544-49E2-9D32-B503DDC9600F}.Debug|Any CPU.ActiveCfg = Debug|Any CPU
		{4AA5BE92-8544-49E2-9D32-B503DDC9600F}.Debug|Any CPU.Build.0 = Debug|Any CPU
		{4AA5BE92-8544-49E2-9D32-B503DDC9600F}.Debug|x64.ActiveCfg = Debug|Any CPU
		{4AA5BE92-8544-49E2-9D32-B503DDC9600F}.Debug|x64.Build.0 = Debug|Any CPU
		{4AA5BE92-8544-49E2-9D32-B503DDC9600F}.Debug|x86.ActiveCfg = Debug|Any CPU
		{4AA5BE92-8544-49E2-9D32-B503DDC9600F}.Debug|x86.Build.0 = Debug|Any CPU
		{4AA5BE92-8544-49E2-9D32-B503DDC9600F}.Release|Any CPU.ActiveCfg = Release|Any CPU
		{4AA5BE92-8544-49E2-9D32-B503DDC9600F}.Release|Any CPU.Build.0 = Release|Any CPU
		{4AA5BE92-8544-49E2-9D32-B503DDC9600F}.Release|x64.ActiveCfg = Release|Any CPU
		{4AA5BE92-8544-49E2-9D32-B503DDC9600F}.Release|x64.Build.0 = Release|Any CPU
		{4AA5BE92-8544-49E2-9D32-B503DDC9600F}.Release|x86.ActiveCfg = Release|Any CPU
		{4AA5BE92-8544-49E2-9D32-B503DDC9600F}.Release|x86.Build.0 = Release|Any CPU
		{7454B947-53E4-4495-B676-EF5F159D7E39}.Debug|Any CPU.ActiveCfg = Debug|Any CPU
		{7454B947-53E4-4495-B676-EF5F159D7E39}.Debug|Any CPU.Build.0 = Debug|Any CPU
		{7454B947-53E4-4495-B676-EF5F159D7E39}.Debug|x64.ActiveCfg = Debug|Any CPU
		{7454B947-53E4-4495-B676-EF5F159D7E39}.Debug|x64.Build.0 = Debug|Any CPU
		{7454B947-53E4-4495-B676-EF5F159D7E39}.Debug|x86.ActiveCfg = Debug|Any CPU
		{7454B947-53E4-4495-B676-EF5F159D7E39}.Debug|x86.Build.0 = Debug|Any CPU
		{7454B947-53E4-4495-B676-EF5F159D7E39}.Release|Any CPU.ActiveCfg = Release|Any CPU
		{7454B947-53E4-4495-B676-EF5F159D7E39}.Release|Any CPU.Build.0 = Release|Any CPU
		{7454B947-53E4-4495-B676-EF5F159D7E39}.Release|x64.ActiveCfg = Release|Any CPU
		{7454B947-53E4-4495-B676-EF5F159D7E39}.Release|x64.Build.0 = Release|Any CPU
		{7454B947-53E4-4495-B676-EF5F159D7E39}.Release|x86.ActiveCfg = Release|Any CPU
		{7454B947-53E4-4495-B676-EF5F159D7E39}.Release|x86.Build.0 = Release|Any CPU
	EndGlobalSection
EndGlobal
